
Microsoft Visual Studio Solution File, Format Version 12.00
# Visual Studio 15
VisualStudioVersion = 15.0.27428.2005
MinimumVisualStudioVersion = 10.0.40219.1
Project("{FAE04EC0-301F-11D3-BF4B-00C04F79EFBC}") = "Face-Identification-FrontEnd", "Face-Identification-FrontEnd\Face-Identification-FrontEnd.csproj", "{94CD5D94-619C-436F-9B5B-6558C7CD890C}"
EndProject
Global
	GlobalSection(SolutionConfigurationPlatforms) = preSolution
		Debug|Any CPU = Debug|Any CPU
		Release|Any CPU = Release|Any CPU
	EndGlobalSection
	GlobalSection(ProjectConfigurationPlatforms) = postSolution
		{94CD5D94-619C-436F-9B5B-6558C7CD890C}.Debug|Any CPU.ActiveCfg = Debug|Any CPU
		{94CD5D94-619C-436F-9B5B-6558C7CD890C}.Debug|Any CPU.Build.0 = Debug|Any CPU
		{94CD5D94-619C-436F-9B5B-6558C7CD890C}.Release|Any CPU.ActiveCfg = Release|Any CPU
		{94CD5D94-619C-436F-9B5B-6558C7CD890C}.Release|Any CPU.Build.0 = Release|Any CPU
	EndGlobalSection
	GlobalSection(SolutionProperties) = preSolution
		HideSolutionNode = FALSE
	EndGlobalSection
	GlobalSection(ExtensibilityGlobals) = postSolution
		SolutionGuid = {C1A982F3-D7D6-4228-BFB5-477CF1C7393C}
	EndGlobalSection
EndGlobal
